
Microsoft Visual Studio Solution File, Format Version 12.00
# Visual Studio Version 16
VisualStudioVersion = 16.0.30717.126
MinimumVisualStudioVersion = 10.0.40219.1
Project("{FAE04EC0-301F-11D3-BF4B-00C04F79EFBC}") = "QuickFixDental", "QuickFixDental\QuickFixDental.csproj", "{CEE9B946-B0A6-4491-A7EB-C27609084814}"
EndProject
Project("{FAE04EC0-301F-11D3-BF4B-00C04F79EFBC}") = "UnitTestProject", "UnitTestProject\UnitTestProject.csproj", "{4F1EC6C6-1AC6-4719-81AF-A670B9C85DA4}"
EndProject
Global
	GlobalSection(SolutionConfigurationPlatforms) = preSolution
		Debug|Any CPU = Debug|Any CPU
		Release|Any CPU = Release|Any CPU
	EndGlobalSection
	GlobalSection(ProjectConfigurationPlatforms) = postSolution
		{CEE9B946-B0A6-4491-A7EB-C27609084814}.Debug|Any CPU.ActiveCfg = Debug|Any CPU
		{CEE9B946-B0A6-4491-A7EB-C27609084814}.Debug|Any CPU.Build.0 = Debug|Any CPU
		{CEE9B946-B0A6-4491-A7EB-C27609084814}.Release|Any CPU.ActiveCfg = Release|Any CPU
		{CEE9B946-B0A6-4491-A7EB-C27609084814}.Release|Any CPU.Build.0 = Release|Any CPU
		{4F1EC6C6-1AC6-4719-81AF-A670B9C85DA4}.Debug|Any CPU.ActiveCfg = Debug|Any CPU
		{4F1EC6C6-1AC6-4719-81AF-A670B9C85DA4}.Debug|Any CPU.Build.0 = Debug|Any CPU
		{4F1EC6C6-1AC6-4719-81AF-A670B9C85DA4}.Release|Any CPU.ActiveCfg = Release|Any CPU
		{4F1EC6C6-1AC6-4719-81AF-A670B9C85DA4}.Release|Any CPU.Build.0 = Release|Any CPU
	EndGlobalSection
	GlobalSection(SolutionProperties) = preSolution
		HideSolutionNode = FALSE
	EndGlobalSection
	GlobalSection(ExtensibilityGlobals) = postSolution
		SolutionGuid = {D4B48AD3-2329-4160-B845-DCC21A8D570C}
	EndGlobalSection
EndGlobal
